
Microsoft Visual Studio Solution File, Format Version 12.00
# Visual Studio 14
VisualStudioVersion = 14.0.25420.1
MinimumVisualStudioVersion = 10.0.40219.1
Project("{FAE04EC0-301F-11D3-BF4B-00C04F79EFBC}") = "SudokuSolver", "SudokuSolver\SudokuSolver.csproj", "{73433C98-F662-4936-9B0C-4D402F14DF5C}"
EndProject
Project("{FAE04EC0-301F-11D3-BF4B-00C04F79EFBC}") = "SudokuSolver.Test.Unit", "SudokuSolver.Test.Unit\SudokuSolver.Test.Unit.csproj", "{DFFC6DD9-C9CF-4816-9129-2540E798A787}"
EndProject
Global
	GlobalSection(SolutionConfigurationPlatforms) = preSolution
		Debug|Any CPU = Debug|Any CPU
		Release|Any CPU = Release|Any CPU
	EndGlobalSection
	GlobalSection(ProjectConfigurationPlatforms) = postSolution
		{73433C98-F662-4936-9B0C-4D402F14DF5C}.Debug|Any CPU.ActiveCfg = Debug|Any CPU
		{73433C98-F662-4936-9B0C-4D402F14DF5C}.Debug|Any CPU.Build.0 = Debug|Any CPU
		{73433C98-F662-4936-9B0C-4D402F14DF5C}.Release|Any CPU.ActiveCfg = Release|Any CPU
		{73433C98-F662-4936-9B0C-4D402F14DF5C}.Release|Any CPU.Build.0 = Release|Any CPU
		{DFFC6DD9-C9CF-4816-9129-2540E798A787}.Debug|Any CPU.ActiveCfg = Debug|Any CPU
		{DFFC6DD9-C9CF-4816-9129-2540E798A787}.Debug|Any CPU.Build.0 = Debug|Any CPU
		{DFFC6DD9-C9CF-4816-9129-2540E798A787}.Release|Any CPU.ActiveCfg = Release|Any CPU
		{DFFC6DD9-C9CF-4816-9129-2540E798A787}.Release|Any CPU.Build.0 = Release|Any CPU
	EndGlobalSection
	GlobalSection(SolutionProperties) = preSolution
		HideSolutionNode = FALSE
	EndGlobalSection
EndGlobal
